// !$*UTF8*$!
{
	archiveVersion = 1;
	classes = {
	};
	objectVersion = 55;
	objects = {

/* Begin PBXBuildFile section */
		9A6D8C5C290A7C0D009B3940 /* PokemonData.swift in Sources */ = {isa = PBXBuildFile; fileRef = 9A6D8C5B290A7C0D009B3940 /* PokemonData.swift */; };
		9A6D8C5E290A7C1A009B3940 /* PokemonModel.swift in Sources */ = {isa = PBXBuildFile; fileRef = 9A6D8C5D290A7C1A009B3940 /* PokemonModel.swift */; };
		9A6D8C60290A7C2E009B3940 /* NetworkManager.swift in Sources */ = {isa = PBXBuildFile; fileRef = 9A6D8C5F290A7C2E009B3940 /* NetworkManager.swift */; };
		9A6D8C63290AAC98009B3940 /* MainViewModel.swift in Sources */ = {isa = PBXBuildFile; fileRef = 9A6D8C62290AAC98009B3940 /* MainViewModel.swift */; };
		9A6D8C66290AAD73009B3940 /* MainScreenViewModelType.swift in Sources */ = {isa = PBXBuildFile; fileRef = 9A6D8C65290AAD73009B3940 /* MainScreenViewModelType.swift */; };
		9A8BB9D329096B51002ABB08 /* AppDelegate.swift in Sources */ = {isa = PBXBuildFile; fileRef = 9A8BB9D229096B51002ABB08 /* AppDelegate.swift */; };
		9A8BB9D529096B51002ABB08 /* SceneDelegate.swift in Sources */ = {isa = PBXBuildFile; fileRef = 9A8BB9D429096B51002ABB08 /* SceneDelegate.swift */; };
		9A8BB9D729096B51002ABB08 /* MainViewController.swift in Sources */ = {isa = PBXBuildFile; fileRef = 9A8BB9D629096B51002ABB08 /* MainViewController.swift */; };
		9A8BB9DA29096B51002ABB08 /* MainScreen.storyboard in Resources */ = {isa = PBXBuildFile; fileRef = 9A8BB9D829096B51002ABB08 /* MainScreen.storyboard */; };
		9A8BB9DC29096B53002ABB08 /* Assets.xcassets in Resources */ = {isa = PBXBuildFile; fileRef = 9A8BB9DB29096B53002ABB08 /* Assets.xcassets */; };
		9A8BB9DF29096B53002ABB08 /* LaunchScreen.storyboard in Resources */ = {isa = PBXBuildFile; fileRef = 9A8BB9DD29096B53002ABB08 /* LaunchScreen.storyboard */; };
		9A8BB9EA29096B53002ABB08 /* Pokemon_TaskTests.swift in Sources */ = {isa = PBXBuildFile; fileRef = 9A8BB9E929096B53002ABB08 /* Pokemon_TaskTests.swift */; };
		9A8BB9F429096B53002ABB08 /* Pokemon_TaskUITests.swift in Sources */ = {isa = PBXBuildFile; fileRef = 9A8BB9F329096B53002ABB08 /* Pokemon_TaskUITests.swift */; };
		9A8BB9F629096B53002ABB08 /* Pokemon_TaskUITestsLaunchTests.swift in Sources */ = {isa = PBXBuildFile; fileRef = 9A8BB9F529096B53002ABB08 /* Pokemon_TaskUITestsLaunchTests.swift */; };
		9A8BBA0829097AF5002ABB08 /* TableViewExtension.swift in Sources */ = {isa = PBXBuildFile; fileRef = 9A8BBA0729097AF5002ABB08 /* TableViewExtension.swift */; };
		9A8BBA0C29098CD6002ABB08 /* MainTableViewCell.swift in Sources */ = {isa = PBXBuildFile; fileRef = 9A8BBA0A29098CD6002ABB08 /* MainTableViewCell.swift */; };
		9A8BBA0D29098CD6002ABB08 /* MainTableViewCell.xib in Resources */ = {isa = PBXBuildFile; fileRef = 9A8BBA0B29098CD6002ABB08 /* MainTableViewCell.xib */; };
		9A8BBA1129099032002ABB08 /* Identifiers.swift in Sources */ = {isa = PBXBuildFile; fileRef = 9A8BBA1029099032002ABB08 /* Identifiers.swift */; };
		9A91E2432909BF4F00C9D21F /* DetailsViewController.swift in Sources */ = {isa = PBXBuildFile; fileRef = 9A91E2422909BF4F00C9D21F /* DetailsViewController.swift */; };
		9A91E2452909BF6300C9D21F /* DetailsScreen.storyboard in Resources */ = {isa = PBXBuildFile; fileRef = 9A91E2442909BF6300C9D21F /* DetailsScreen.storyboard */; };
		9AAE8663290EECA9006E56DB /* ViewController + Alert.swift in Sources */ = {isa = PBXBuildFile; fileRef = 9AAE8662290EECA9006E56DB /* ViewController + Alert.swift */; };
		9AAE8666290EF641006E56DB /* InternetConnection.swift in Sources */ = {isa = PBXBuildFile; fileRef = 9AAE8665290EF641006E56DB /* InternetConnection.swift */; };
/* End PBXBuildFile section */

/* Begin PBXContainerItemProxy section */
		9A8BB9E629096B53002ABB08 /* PBXContainerItemProxy */ = {
			isa = PBXContainerItemProxy;
			containerPortal = 9A8BB9C729096B51002ABB08 /* Project object */;
			proxyType = 1;
			remoteGlobalIDString = 9A8BB9CE29096B51002ABB08;
			remoteInfo = "Pokemon Task";
		};
		9A8BB9F029096B53002ABB08 /* PBXContainerItemProxy */ = {
			isa = PBXContainerItemProxy;
			containerPortal = 9A8BB9C729096B51002ABB08 /* Project object */;
			proxyType = 1;
			remoteGlobalIDString = 9A8BB9CE29096B51002ABB08;
			remoteInfo = "Pokemon Task";
		};
/* End PBXContainerItemProxy section */

/* Begin PBXFileReference section */
		9A6D8C5B290A7C0D009B3940 /* PokemonData.swift */ = {isa = PBXFileReference; lastKnownFileType = sourcecode.swift; path = PokemonData.swift; sourceTree = "<group>"; };
		9A6D8C5D290A7C1A009B3940 /* PokemonModel.swift */ = {isa = PBXFileReference; lastKnownFileType = sourcecode.swift; path = PokemonModel.swift; sourceTree = "<group>"; };
		9A6D8C5F290A7C2E009B3940 /* NetworkManager.swift */ = {isa = PBXFileReference; lastKnownFileType = sourcecode.swift; path = NetworkManager.swift; sourceTree = "<group>"; };
		9A6D8C62290AAC98009B3940 /* MainViewModel.swift */ = {isa = PBXFileReference; lastKnownFileType = sourcecode.swift; path = MainViewModel.swift; sourceTree = "<group>"; };
		9A6D8C65290AAD73009B3940 /* MainScreenViewModelType.swift */ = {isa = PBXFileReference; lastKnownFileType = sourcecode.swift; path = MainScreenViewModelType.swift; sourceTree = "<group>"; };
		9A8BB9CF29096B51002ABB08 /* Pokemon Task.app */ = {isa = PBXFileReference; explicitFileType = wrapper.application; includeInIndex = 0; path = "Pokemon Task.app"; sourceTree = BUILT_PRODUCTS_DIR; };
		9A8BB9D229096B51002ABB08 /* AppDelegate.swift */ = {isa = PBXFileReference; lastKnownFileType = sourcecode.swift; path = AppDelegate.swift; sourceTree = "<group>"; };
		9A8BB9D429096B51002ABB08 /* SceneDelegate.swift */ = {isa = PBXFileReference; lastKnownFileType = sourcecode.swift; path = SceneDelegate.swift; sourceTree = "<group>"; };
		9A8BB9D629096B51002ABB08 /* MainViewController.swift */ = {isa = PBXFileReference; lastKnownFileType = sourcecode.swift; path = MainViewController.swift; sourceTree = "<group>"; };
		9A8BB9D929096B51002ABB08 /* Base */ = {isa = PBXFileReference; lastKnownFileType = file.storyboard; name = Base; path = Base.lproj/MainScreen.storyboard; sourceTree = "<group>"; };
		9A8BB9DB29096B53002ABB08 /* Assets.xcassets */ = {isa = PBXFileReference; lastKnownFileType = folder.assetcatalog; path = Assets.xcassets; sourceTree = "<group>"; };
		9A8BB9DE29096B53002ABB08 /* Base */ = {isa = PBXFileReference; lastKnownFileType = file.storyboard; name = Base; path = Base.lproj/LaunchScreen.storyboard; sourceTree = "<group>"; };
		9A8BB9E029096B53002ABB08 /* Info.plist */ = {isa = PBXFileReference; lastKnownFileType = text.plist.xml; path = Info.plist; sourceTree = "<group>"; };
		9A8BB9E529096B53002ABB08 /* Pokemon TaskTests.xctest */ = {isa = PBXFileReference; explicitFileType = wrapper.cfbundle; includeInIndex = 0; path = "Pokemon TaskTests.xctest"; sourceTree = BUILT_PRODUCTS_DIR; };
		9A8BB9E929096B53002ABB08 /* Pokemon_TaskTests.swift */ = {isa = PBXFileReference; lastKnownFileType = sourcecode.swift; path = Pokemon_TaskTests.swift; sourceTree = "<group>"; };
		9A8BB9EF29096B53002ABB08 /* Pokemon TaskUITests.xctest */ = {isa = PBXFileReference; explicitFileType = wrapper.cfbundle; includeInIndex = 0; path = "Pokemon TaskUITests.xctest"; sourceTree = BUILT_PRODUCTS_DIR; };
		9A8BB9F329096B53002ABB08 /* Pokemon_TaskUITests.swift */ = {isa = PBXFileReference; lastKnownFileType = sourcecode.swift; path = Pokemon_TaskUITests.swift; sourceTree = "<group>"; };
		9A8BB9F529096B53002ABB08 /* Pokemon_TaskUITestsLaunchTests.swift */ = {isa = PBXFileReference; lastKnownFileType = sourcecode.swift; path = Pokemon_TaskUITestsLaunchTests.swift; sourceTree = "<group>"; };
		9A8BBA0729097AF5002ABB08 /* TableViewExtension.swift */ = {isa = PBXFileReference; lastKnownFileType = sourcecode.swift; path = TableViewExtension.swift; sourceTree = "<group>"; };
		9A8BBA0A29098CD6002ABB08 /* MainTableViewCell.swift */ = {isa = PBXFileReference; lastKnownFileType = sourcecode.swift; path = MainTableViewCell.swift; sourceTree = "<group>"; };
		9A8BBA0B29098CD6002ABB08 /* MainTableViewCell.xib */ = {isa = PBXFileReference; lastKnownFileType = file.xib; path = MainTableViewCell.xib; sourceTree = "<group>"; };
		9A8BBA1029099032002ABB08 /* Identifiers.swift */ = {isa = PBXFileReference; lastKnownFileType = sourcecode.swift; path = Identifiers.swift; sourceTree = "<group>"; };
		9A91E2422909BF4F00C9D21F /* DetailsViewController.swift */ = {isa = PBXFileReference; lastKnownFileType = sourcecode.swift; path = DetailsViewController.swift; sourceTree = "<group>"; };
		9A91E2442909BF6300C9D21F /* DetailsScreen.storyboard */ = {isa = PBXFileReference; lastKnownFileType = file.storyboard; path = DetailsScreen.storyboard; sourceTree = "<group>"; };
		9AAE8662290EECA9006E56DB /* ViewController + Alert.swift */ = {isa = PBXFileReference; lastKnownFileType = sourcecode.swift; path = "ViewController + Alert.swift"; sourceTree = "<group>"; };
		9AAE8665290EF641006E56DB /* InternetConnection.swift */ = {isa = PBXFileReference; lastKnownFileType = sourcecode.swift; path = InternetConnection.swift; sourceTree = "<group>"; };
/* End PBXFileReference section */

/* Begin PBXFrameworksBuildPhase section */
		9A8BB9CC29096B51002ABB08 /* Frameworks */ = {
			isa = PBXFrameworksBuildPhase;
			buildActionMask = 2147483647;
			files = (
			);
			runOnlyForDeploymentPostprocessing = 0;
		};
		9A8BB9E229096B53002ABB08 /* Frameworks */ = {
			isa = PBXFrameworksBuildPhase;
			buildActionMask = 2147483647;
			files = (
			);
			runOnlyForDeploymentPostprocessing = 0;
		};
		9A8BB9EC29096B53002ABB08 /* Frameworks */ = {
			isa = PBXFrameworksBuildPhase;
			buildActionMask = 2147483647;
			files = (
			);
			runOnlyForDeploymentPostprocessing = 0;
		};
/* End PBXFrameworksBuildPhase section */

/* Begin PBXGroup section */
		9A6D8C5A290A7BF6009B3940 /* API Manager */ = {
			isa = PBXGroup;
			children = (
				9A6D8C5F290A7C2E009B3940 /* NetworkManager.swift */,
				9A6D8C5B290A7C0D009B3940 /* PokemonData.swift */,
				9A6D8C5D290A7C1A009B3940 /* PokemonModel.swift */,
			);
			path = "API Manager";
			sourceTree = "<group>";
		};
		9A6D8C61290AAC88009B3940 /* ViewModel */ = {
			isa = PBXGroup;
			children = (
				9A6D8C62290AAC98009B3940 /* MainViewModel.swift */,
			);
			path = ViewModel;
			sourceTree = "<group>";
		};
		9A6D8C64290AAD47009B3940 /* Protocols */ = {
			isa = PBXGroup;
			children = (
				9A6D8C65290AAD73009B3940 /* MainScreenViewModelType.swift */,
			);
			path = Protocols;
			sourceTree = "<group>";
		};
		9A8BB9C629096B51002ABB08 = {
			isa = PBXGroup;
			children = (
				9A8BB9D129096B51002ABB08 /* Pokemon Task */,
				9A8BB9E829096B53002ABB08 /* Pokemon TaskTests */,
				9A8BB9F229096B53002ABB08 /* Pokemon TaskUITests */,
				9A8BB9D029096B51002ABB08 /* Products */,
			);
			sourceTree = "<group>";
		};
		9A8BB9D029096B51002ABB08 /* Products */ = {
			isa = PBXGroup;
			children = (
				9A8BB9CF29096B51002ABB08 /* Pokemon Task.app */,
				9A8BB9E529096B53002ABB08 /* Pokemon TaskTests.xctest */,
				9A8BB9EF29096B53002ABB08 /* Pokemon TaskUITests.xctest */,
			);
			name = Products;
			sourceTree = "<group>";
		};
		9A8BB9D129096B51002ABB08 /* Pokemon Task */ = {
			isa = PBXGroup;
			children = (
				9A8BBA0E29098D58002ABB08 /* Utils */,
				9A8BBA0529096D47002ABB08 /* Controllers */,
				9A8BBA0429096C3E002ABB08 /* Models */,
				9A8BBA0229096C0A002ABB08 /* Application */,
				9A8BBA0329096C1B002ABB08 /* Resources */,
				9A8BB9E029096B53002ABB08 /* Info.plist */,
			);
			path = "Pokemon Task";
			sourceTree = "<group>";
		};
		9A8BB9E829096B53002ABB08 /* Pokemon TaskTests */ = {
			isa = PBXGroup;
			children = (
				9A8BB9E929096B53002ABB08 /* Pokemon_TaskTests.swift */,
			);
			path = "Pokemon TaskTests";
			sourceTree = "<group>";
		};
		9A8BB9F229096B53002ABB08 /* Pokemon TaskUITests */ = {
			isa = PBXGroup;
			children = (
				9A8BB9F329096B53002ABB08 /* Pokemon_TaskUITests.swift */,
				9A8BB9F529096B53002ABB08 /* Pokemon_TaskUITestsLaunchTests.swift */,
			);
			path = "Pokemon TaskUITests";
			sourceTree = "<group>";
		};
		9A8BBA0229096C0A002ABB08 /* Application */ = {
			isa = PBXGroup;
			children = (
				9A8BB9D229096B51002ABB08 /* AppDelegate.swift */,
				9A8BB9D429096B51002ABB08 /* SceneDelegate.swift */,
				9A8BB9DD29096B53002ABB08 /* LaunchScreen.storyboard */,
			);
			path = Application;
			sourceTree = "<group>";
		};
		9A8BBA0329096C1B002ABB08 /* Resources */ = {
			isa = PBXGroup;
			children = (
				9A8BB9DB29096B53002ABB08 /* Assets.xcassets */,
			);
			path = Resources;
			sourceTree = "<group>";
		};
		9A8BBA0429096C3E002ABB08 /* Models */ = {
			isa = PBXGroup;
			children = (
				9A6D8C5A290A7BF6009B3940 /* API Manager */,
			);
			path = Models;
			sourceTree = "<group>";
		};
		9A8BBA0529096D47002ABB08 /* Controllers */ = {
			isa = PBXGroup;
			children = (
				9A91E2412909BF1C00C9D21F /* Details Screen */,
				9A8BBA0929098CAD002ABB08 /* MainScreen */,
			);
			path = Controllers;
			sourceTree = "<group>";
		};
		9A8BBA0629097ADF002ABB08 /* Extensions */ = {
			isa = PBXGroup;
			children = (
				9A8BBA0729097AF5002ABB08 /* TableViewExtension.swift */,
				9AAE8662290EECA9006E56DB /* ViewController + Alert.swift */,
			);
			path = Extensions;
			sourceTree = "<group>";
		};
		9A8BBA0929098CAD002ABB08 /* MainScreen */ = {
			isa = PBXGroup;
			children = (
				9A6D8C61290AAC88009B3940 /* ViewModel */,
				9A8BB9D629096B51002ABB08 /* MainViewController.swift */,
				9A8BB9D829096B51002ABB08 /* MainScreen.storyboard */,
				9A91E2402909AA7C00C9D21F /* TableView */,
			);
			path = MainScreen;
			sourceTree = "<group>";
		};
		9A8BBA0E29098D58002ABB08 /* Utils */ = {
			isa = PBXGroup;
			children = (
				9AAE8669290EF91C006E56DB /* InternetConnection */,
				9A6D8C64290AAD47009B3940 /* Protocols */,
				9A8BBA0F29098D60002ABB08 /* Enums */,
				9A8BBA0629097ADF002ABB08 /* Extensions */,
			);
			path = Utils;
			sourceTree = "<group>";
		};
		9A8BBA0F29098D60002ABB08 /* Enums */ = {
			isa = PBXGroup;
			children = (
				9A8BBA1029099032002ABB08 /* Identifiers.swift */,
			);
			path = Enums;
			sourceTree = "<group>";
		};
		9A91E2402909AA7C00C9D21F /* TableView */ = {
			isa = PBXGroup;
			children = (
				9A8BBA0A29098CD6002ABB08 /* MainTableViewCell.swift */,
				9A8BBA0B29098CD6002ABB08 /* MainTableViewCell.xib */,
			);
			path = TableView;
			sourceTree = "<group>";
		};
		9A91E2412909BF1C00C9D21F /* Details Screen */ = {
			isa = PBXGroup;
			children = (
				9A91E2422909BF4F00C9D21F /* DetailsViewController.swift */,
				9A91E2442909BF6300C9D21F /* DetailsScreen.storyboard */,
			);
			path = "Details Screen";
			sourceTree = "<group>";
		};
		9AAE8669290EF91C006E56DB /* InternetConnection */ = {
			isa = PBXGroup;
			children = (
				9AAE8665290EF641006E56DB /* InternetConnection.swift */,
			);
			path = InternetConnection;
			sourceTree = "<group>";
		};
/* End PBXGroup section */

/* Begin PBXNativeTarget section */
		9A8BB9CE29096B51002ABB08 /* Pokemon Task */ = {
			isa = PBXNativeTarget;
			buildConfigurationList = 9A8BB9F929096B53002ABB08 /* Build configuration list for PBXNativeTarget "Pokemon Task" */;
			buildPhases = (
				9A8BB9CB29096B51002ABB08 /* Sources */,
				9A8BB9CC29096B51002ABB08 /* Frameworks */,
				9A8BB9CD29096B51002ABB08 /* Resources */,
			);
			buildRules = (
			);
			dependencies = (
			);
			name = "Pokemon Task";
			productName = "Pokemon Task";
			productReference = 9A8BB9CF29096B51002ABB08 /* Pokemon Task.app */;
			productType = "com.apple.product-type.application";
		};
		9A8BB9E429096B53002ABB08 /* Pokemon TaskTests */ = {
			isa = PBXNativeTarget;
			buildConfigurationList = 9A8BB9FC29096B53002ABB08 /* Build configuration list for PBXNativeTarget "Pokemon TaskTests" */;
			buildPhases = (
				9A8BB9E129096B53002ABB08 /* Sources */,
				9A8BB9E229096B53002ABB08 /* Frameworks */,
				9A8BB9E329096B53002ABB08 /* Resources */,
			);
			buildRules = (
			);
			dependencies = (
				9A8BB9E729096B53002ABB08 /* PBXTargetDependency */,
			);
			name = "Pokemon TaskTests";
			productName = "Pokemon TaskTests";
			productReference = 9A8BB9E529096B53002ABB08 /* Pokemon TaskTests.xctest */;
			productType = "com.apple.product-type.bundle.unit-test";
		};
		9A8BB9EE29096B53002ABB08 /* Pokemon TaskUITests */ = {
			isa = PBXNativeTarget;
			buildConfigurationList = 9A8BB9FF29096B53002ABB08 /* Build configuration list for PBXNativeTarget "Pokemon TaskUITests" */;
			buildPhases = (
				9A8BB9EB29096B53002ABB08 /* Sources */,
				9A8BB9EC29096B53002ABB08 /* Frameworks */,
				9A8BB9ED29096B53002ABB08 /* Resources */,
			);
			buildRules = (
			);
			dependencies = (
				9A8BB9F129096B53002ABB08 /* PBXTargetDependency */,
			);
			name = "Pokemon TaskUITests";
			productName = "Pokemon TaskUITests";
			productReference = 9A8BB9EF29096B53002ABB08 /* Pokemon TaskUITests.xctest */;
			productType = "com.apple.product-type.bundle.ui-testing";
		};
/* End PBXNativeTarget section */

/* Begin PBXProject section */
		9A8BB9C729096B51002ABB08 /* Project object */ = {
			isa = PBXProject;
			attributes = {
				BuildIndependentTargetsInParallel = 1;
				LastSwiftUpdateCheck = 1340;
				LastUpgradeCheck = 1340;
				TargetAttributes = {
					9A8BB9CE29096B51002ABB08 = {
						CreatedOnToolsVersion = 13.4;
					};
					9A8BB9E429096B53002ABB08 = {
						CreatedOnToolsVersion = 13.4;
						TestTargetID = 9A8BB9CE29096B51002ABB08;
					};
					9A8BB9EE29096B53002ABB08 = {
						CreatedOnToolsVersion = 13.4;
						TestTargetID = 9A8BB9CE29096B51002ABB08;
					};
				};
			};
			buildConfigurationList = 9A8BB9CA29096B51002ABB08 /* Build configuration list for PBXProject "Pokemon Task" */;
			compatibilityVersion = "Xcode 13.0";
			developmentRegion = en;
			hasScannedForEncodings = 0;
			knownRegions = (
				en,
				Base,
			);
			mainGroup = 9A8BB9C629096B51002ABB08;
			productRefGroup = 9A8BB9D029096B51002ABB08 /* Products */;
			projectDirPath = "";
			projectRoot = "";
			targets = (
				9A8BB9CE29096B51002ABB08 /* Pokemon Task */,
				9A8BB9E429096B53002ABB08 /* Pokemon TaskTests */,
				9A8BB9EE29096B53002ABB08 /* Pokemon TaskUITests */,
			);
		};
/* End PBXProject section */

/* Begin PBXResourcesBuildPhase section */
		9A8BB9CD29096B51002ABB08 /* Resources */ = {
			isa = PBXResourcesBuildPhase;
			buildActionMask = 2147483647;
			files = (
				9A8BB9DF29096B53002ABB08 /* LaunchScreen.storyboard in Resources */,
				9A8BB9DC29096B53002ABB08 /* Assets.xcassets in Resources */,
				9A91E2452909BF6300C9D21F /* DetailsScreen.storyboard in Resources */,
				9A8BBA0D29098CD6002ABB08 /* MainTableViewCell.xib in Resources */,
				9A8BB9DA29096B51002ABB08 /* MainScreen.storyboard in Resources */,
			);
			runOnlyForDeploymentPostprocessing = 0;
		};
		9A8BB9E329096B53002ABB08 /* Resources */ = {
			isa = PBXResourcesBuildPhase;
			buildActionMask = 2147483647;
			files = (
			);
			runOnlyForDeploymentPostprocessing = 0;
		};
		9A8BB9ED29096B53002ABB08 /* Resources */ = {
			isa = PBXResourcesBuildPhase;
			buildActionMask = 2147483647;
			files = (
			);
			runOnlyForDeploymentPostprocessing = 0;
		};
/* End PBXResourcesBuildPhase section */

/* Begin PBXSourcesBuildPhase section */
		9A8BB9CB29096B51002ABB08 /* Sources */ = {
			isa = PBXSourcesBuildPhase;
			buildActionMask = 2147483647;
			files = (
				9AAE8663290EECA9006E56DB /* ViewController + Alert.swift in Sources */,
				9A8BB9D729096B51002ABB08 /* MainViewController.swift in Sources */,
				9A8BB9D329096B51002ABB08 /* AppDelegate.swift in Sources */,
				9A6D8C60290A7C2E009B3940 /* NetworkManager.swift in Sources */,
				9A91E2432909BF4F00C9D21F /* DetailsViewController.swift in Sources */,
				9A8BB9D529096B51002ABB08 /* SceneDelegate.swift in Sources */,
				9A8BBA0829097AF5002ABB08 /* TableViewExtension.swift in Sources */,
				9A8BBA1129099032002ABB08 /* Identifiers.swift in Sources */,
				9A8BBA0C29098CD6002ABB08 /* MainTableViewCell.swift in Sources */,
				9A6D8C5E290A7C1A009B3940 /* PokemonModel.swift in Sources */,
				9A6D8C5C290A7C0D009B3940 /* PokemonData.swift in Sources */,
				9A6D8C63290AAC98009B3940 /* MainViewModel.swift in Sources */,
				9AAE8666290EF641006E56DB /* InternetConnection.swift in Sources */,
				9A6D8C66290AAD73009B3940 /* MainScreenViewModelType.swift in Sources */,
			);
			runOnlyForDeploymentPostprocessing = 0;
		};
		9A8BB9E129096B53002ABB08 /* Sources */ = {
			isa = PBXSourcesBuildPhase;
			buildActionMask = 2147483647;
			files = (
				9A8BB9EA29096B53002ABB08 /* Pokemon_TaskTests.swift in Sources */,
			);
			runOnlyForDeploymentPostprocessing = 0;
		};
		9A8BB9EB29096B53002ABB08 /* Sources */ = {
			isa = PBXSourcesBuildPhase;
			buildActionMask = 2147483647;
			files = (
				9A8BB9F429096B53002ABB08 /* Pokemon_TaskUITests.swift in Sources */,
				9A8BB9F629096B53002ABB08 /* Pokemon_TaskUITestsLaunchTests.swift in Sources */,
			);
			runOnlyForDeploymentPostprocessing = 0;
		};
/* End PBXSourcesBuildPhase section */

/* Begin PBXTargetDependency section */
		9A8BB9E729096B53002ABB08 /* PBXTargetDependency */ = {
			isa = PBXTargetDependency;
			target = 9A8BB9CE29096B51002ABB08 /* Pokemon Task */;
			targetProxy = 9A8BB9E629096B53002ABB08 /* PBXContainerItemProxy */;
		};
		9A8BB9F129096B53002ABB08 /* PBXTargetDependency */ = {
			isa = PBXTargetDependency;
			target = 9A8BB9CE29096B51002ABB08 /* Pokemon Task */;
			targetProxy = 9A8BB9F029096B53002ABB08 /* PBXContainerItemProxy */;
		};
/* End PBXTargetDependency section */

/* Begin PBXVariantGroup section */
		9A8BB9D829096B51002ABB08 /* MainScreen.storyboard */ = {
			isa = PBXVariantGroup;
			children = (
				9A8BB9D929096B51002ABB08 /* Base */,
			);
			name = MainScreen.storyboard;
			sourceTree = "<group>";
		};
		9A8BB9DD29096B53002ABB08 /* LaunchScreen.storyboard */ = {
			isa = PBXVariantGroup;
			children = (
				9A8BB9DE29096B53002ABB08 /* Base */,
			);
			name = LaunchScreen.storyboard;
			sourceTree = "<group>";
		};
/* End PBXVariantGroup section */

/* Begin XCBuildConfiguration section */
		9A8BB9F729096B53002ABB08 /* Debug */ = {
			isa = XCBuildConfiguration;
			buildSettings = {
				ALWAYS_SEARCH_USER_PATHS = NO;
				CLANG_ANALYZER_NONNULL = YES;
				CLANG_ANALYZER_NUMBER_OBJECT_CONVERSION = YES_AGGRESSIVE;
				CLANG_CXX_LANGUAGE_STANDARD = "gnu++17";
				CLANG_ENABLE_MODULES = YES;
				CLANG_ENABLE_OBJC_ARC = YES;
				CLANG_ENABLE_OBJC_WEAK = YES;
				CLANG_WARN_BLOCK_CAPTURE_AUTORELEASING = YES;
				CLANG_WARN_BOOL_CONVERSION = YES;
				CLANG_WARN_COMMA = YES;
				CLANG_WARN_CONSTANT_CONVERSION = YES;
				CLANG_WARN_DEPRECATED_OBJC_IMPLEMENTATIONS = YES;
				CLANG_WARN_DIRECT_OBJC_ISA_USAGE = YES_ERROR;
				CLANG_WARN_DOCUMENTATION_COMMENTS = YES;
				CLANG_WARN_EMPTY_BODY = YES;
				CLANG_WARN_ENUM_CONVERSION = YES;
				CLANG_WARN_INFINITE_RECURSION = YES;
				CLANG_WARN_INT_CONVERSION = YES;
				CLANG_WARN_NON_LITERAL_NULL_CONVERSION = YES;
				CLANG_WARN_OBJC_IMPLICIT_RETAIN_SELF = YES;
				CLANG_WARN_OBJC_LITERAL_CONVERSION = YES;
				CLANG_WARN_OBJC_ROOT_CLASS = YES_ERROR;
				CLANG_WARN_QUOTED_INCLUDE_IN_FRAMEWORK_HEADER = YES;
				CLANG_WARN_RANGE_LOOP_ANALYSIS = YES;
				CLANG_WARN_STRICT_PROTOTYPES = YES;
				CLANG_WARN_SUSPICIOUS_MOVE = YES;
				CLANG_WARN_UNGUARDED_AVAILABILITY = YES_AGGRESSIVE;
				CLANG_WARN_UNREACHABLE_CODE = YES;
				CLANG_WARN__DUPLICATE_METHOD_MATCH = YES;
				COPY_PHASE_STRIP = NO;
				DEBUG_INFORMATION_FORMAT = dwarf;
				ENABLE_STRICT_OBJC_MSGSEND = YES;
				ENABLE_TESTABILITY = YES;
				GCC_C_LANGUAGE_STANDARD = gnu11;
				GCC_DYNAMIC_NO_PIC = NO;
				GCC_NO_COMMON_BLOCKS = YES;
				GCC_OPTIMIZATION_LEVEL = 0;
				GCC_PREPROCESSOR_DEFINITIONS = (
					"DEBUG=1",
					"$(inherited)",
				);
				GCC_WARN_64_TO_32_BIT_CONVERSION = YES;
				GCC_WARN_ABOUT_RETURN_TYPE = YES_ERROR;
				GCC_WARN_UNDECLARED_SELECTOR = YES;
				GCC_WARN_UNINITIALIZED_AUTOS = YES_AGGRESSIVE;
				GCC_WARN_UNUSED_FUNCTION = YES;
				GCC_WARN_UNUSED_VARIABLE = YES;
				IPHONEOS_DEPLOYMENT_TARGET = 15.5;
				MTL_ENABLE_DEBUG_INFO = INCLUDE_SOURCE;
				MTL_FAST_MATH = YES;
				ONLY_ACTIVE_ARCH = YES;
				SDKROOT = iphoneos;
				SWIFT_ACTIVE_COMPILATION_CONDITIONS = DEBUG;
				SWIFT_OPTIMIZATION_LEVEL = "-Onone";
			};
			name = Debug;
		};
		9A8BB9F829096B53002ABB08 /* Release */ = {
			isa = XCBuildConfiguration;
			buildSettings = {
				ALWAYS_SEARCH_USER_PATHS = NO;
				CLANG_ANALYZER_NONNULL = YES;
				CLANG_ANALYZER_NUMBER_OBJECT_CONVERSION = YES_AGGRESSIVE;
				CLANG_CXX_LANGUAGE_STANDARD = "gnu++17";
				CLANG_ENABLE_MODULES = YES;
				CLANG_ENABLE_OBJC_ARC = YES;
				CLANG_ENABLE_OBJC_WEAK = YES;
				CLANG_WARN_BLOCK_CAPTURE_AUTORELEASING = YES;
				CLANG_WARN_BOOL_CONVERSION = YES;
				CLANG_WARN_COMMA = YES;
				CLANG_WARN_CONSTANT_CONVERSION = YES;
				CLANG_WARN_DEPRECATED_OBJC_IMPLEMENTATIONS = YES;
				CLANG_WARN_DIRECT_OBJC_ISA_USAGE = YES_ERROR;
				CLANG_WARN_DOCUMENTATION_COMMENTS = YES;
				CLANG_WARN_EMPTY_BODY = YES;
				CLANG_WARN_ENUM_CONVERSION = YES;
				CLANG_WARN_INFINITE_RECURSION = YES;
				CLANG_WARN_INT_CONVERSION = YES;
				CLANG_WARN_NON_LITERAL_NULL_CONVERSION = YES;
				CLANG_WARN_OBJC_IMPLICIT_RETAIN_SELF = YES;
				CLANG_WARN_OBJC_LITERAL_CONVERSION = YES;
				CLANG_WARN_OBJC_ROOT_CLASS = YES_ERROR;
				CLANG_WARN_QUOTED_INCLUDE_IN_FRAMEWORK_HEADER = YES;
				CLANG_WARN_RANGE_LOOP_ANALYSIS = YES;
				CLANG_WARN_STRICT_PROTOTYPES = YES;
				CLANG_WARN_SUSPICIOUS_MOVE = YES;
				CLANG_WARN_UNGUARDED_AVAILABILITY = YES_AGGRESSIVE;
				CLANG_WARN_UNREACHABLE_CODE = YES;
				CLANG_WARN__DUPLICATE_METHOD_MATCH = YES;
				COPY_PHASE_STRIP = NO;
				DEBUG_INFORMATION_FORMAT = "dwarf-with-dsym";
				ENABLE_NS_ASSERTIONS = NO;
				ENABLE_STRICT_OBJC_MSGSEND = YES;
				GCC_C_LANGUAGE_STANDARD = gnu11;
				GCC_NO_COMMON_BLOCKS = YES;
				GCC_WARN_64_TO_32_BIT_CONVERSION = YES;
				GCC_WARN_ABOUT_RETURN_TYPE = YES_ERROR;
				GCC_WARN_UNDECLARED_SELECTOR = YES;
				GCC_WARN_UNINITIALIZED_AUTOS = YES_AGGRESSIVE;
				GCC_WARN_UNUSED_FUNCTION = YES;
				GCC_WARN_UNUSED_VARIABLE = YES;
				IPHONEOS_DEPLOYMENT_TARGET = 15.5;
				MTL_ENABLE_DEBUG_INFO = NO;
				MTL_FAST_MATH = YES;
				SDKROOT = iphoneos;
				SWIFT_COMPILATION_MODE = wholemodule;
				SWIFT_OPTIMIZATION_LEVEL = "-O";
				VALIDATE_PRODUCT = YES;
			};
			name = Release;
		};
		9A8BB9FA29096B53002ABB08 /* Debug */ = {
			isa = XCBuildConfiguration;
			buildSettings = {
				ASSETCATALOG_COMPILER_APPICON_NAME = AppIcon;
				ASSETCATALOG_COMPILER_GLOBAL_ACCENT_COLOR_NAME = AccentColor;
				CODE_SIGN_STYLE = Automatic;
				CURRENT_PROJECT_VERSION = 1;
				DEVELOPMENT_TEAM = 3PGR742T86;
				GENERATE_INFOPLIST_FILE = YES;
				INFOPLIST_FILE = "Pokemon Task/Info.plist";
				INFOPLIST_KEY_UIApplicationSupportsIndirectInputEvents = YES;
				INFOPLIST_KEY_UILaunchStoryboardName = LaunchScreen;
				INFOPLIST_KEY_UIMainStoryboardFile = MainScreen;
				INFOPLIST_KEY_UISupportedInterfaceOrientations_iPad = "UIInterfaceOrientationPortrait UIInterfaceOrientationPortraitUpsideDown UIInterfaceOrientationLandscapeLeft UIInterfaceOrientationLandscapeRight";
				INFOPLIST_KEY_UISupportedInterfaceOrientations_iPhone = "UIInterfaceOrientationPortrait UIInterfaceOrientationLandscapeLeft UIInterfaceOrientationLandscapeRight";
				LD_RUNPATH_SEARCH_PATHS = (
					"$(inherited)",
					"@executable_path/Frameworks",
				);
				MARKETING_VERSION = 1.0;
				PRODUCT_BUNDLE_IDENTIFIER = "com.Shalay.Projects.Pokemon-Task";
				PRODUCT_NAME = "$(TARGET_NAME)";
				SWIFT_EMIT_LOC_STRINGS = YES;
				SWIFT_VERSION = 5.0;
				TARGETED_DEVICE_FAMILY = "1,2";
			};
			name = Debug;
		};
		9A8BB9FB29096B53002ABB08 /* Release */ = {
			isa = XCBuildConfiguration;
			buildSettings = {
				ASSETCATALOG_COMPILER_APPICON_NAME = AppIcon;
				ASSETCATALOG_COMPILER_GLOBAL_ACCENT_COLOR_NAME = AccentColor;
				CODE_SIGN_STYLE = Automatic;
				CURRENT_PROJECT_VERSION = 1;
				DEVELOPMENT_TEAM = 3PGR742T86;
				GENERATE_INFOPLIST_FILE = YES;
				INFOPLIST_FILE = "Pokemon Task/Info.plist";
				INFOPLIST_KEY_UIApplicationSupportsIndirectInputEvents = YES;
				INFOPLIST_KEY_UILaunchStoryboardName = LaunchScreen;
				INFOPLIST_KEY_UIMainStoryboardFile = MainScreen;
				INFOPLIST_KEY_UISupportedInterfaceOrientations_iPad = "UIInterfaceOrientationPortrait UIInterfaceOrientationPortraitUpsideDown UIInterfaceOrientationLandscapeLeft UIInterfaceOrientationLandscapeRight";
				INFOPLIST_KEY_UISupportedInterfaceOrientations_iPhone = "UIInterfaceOrientationPortrait UIInterfaceOrientationLandscapeLeft UIInterfaceOrientationLandscapeRight";
				LD_RUNPATH_SEARCH_PATHS = (
					"$(inherited)",
					"@executable_path/Frameworks",
				);
				MARKETING_VERSION = 1.0;
				PRODUCT_BUNDLE_IDENTIFIER = "com.Shalay.Projects.Pokemon-Task";
				PRODUCT_NAME = "$(TARGET_NAME)";
				SWIFT_EMIT_LOC_STRINGS = YES;
				SWIFT_VERSION = 5.0;
				TARGETED_DEVICE_FAMILY = "1,2";
			};
			name = Release;
		};
		9A8BB9FD29096B53002ABB08 /* Debug */ = {
			isa = XCBuildConfiguration;
			buildSettings = {
				ALWAYS_EMBED_SWIFT_STANDARD_LIBRARIES = YES;
				BUNDLE_LOADER = "$(TEST_HOST)";
				CODE_SIGN_STYLE = Automatic;
				CURRENT_PROJECT_VERSION = 1;
				DEVELOPMENT_TEAM = 3PGR742T86;
				GENERATE_INFOPLIST_FILE = YES;
				IPHONEOS_DEPLOYMENT_TARGET = 15.5;
				MARKETING_VERSION = 1.0;
				PRODUCT_BUNDLE_IDENTIFIER = "com.Shalay.Projects.Pokemon-TaskTests";
				PRODUCT_NAME = "$(TARGET_NAME)";
				SWIFT_EMIT_LOC_STRINGS = NO;
				SWIFT_VERSION = 5.0;
				TARGETED_DEVICE_FAMILY = "1,2";
				TEST_HOST = "$(BUILT_PRODUCTS_DIR)/Pokemon Task.app/Pokemon Task";
			};
			name = Debug;
		};
		9A8BB9FE29096B53002ABB08 /* Release */ = {
			isa = XCBuildConfiguration;
			buildSettings = {
				ALWAYS_EMBED_SWIFT_STANDARD_LIBRARIES = YES;
				BUNDLE_LOADER = "$(TEST_HOST)";
				CODE_SIGN_STYLE = Automatic;
				CURRENT_PROJECT_VERSION = 1;
				DEVELOPMENT_TEAM = 3PGR742T86;
				GENERATE_INFOPLIST_FILE = YES;
				IPHONEOS_DEPLOYMENT_TARGET = 15.5;
				MARKETING_VERSION = 1.0;
				PRODUCT_BUNDLE_IDENTIFIER = "com.Shalay.Projects.Pokemon-TaskTests";
				PRODUCT_NAME = "$(TARGET_NAME)";
				SWIFT_EMIT_LOC_STRINGS = NO;
				SWIFT_VERSION = 5.0;
				TARGETED_DEVICE_FAMILY = "1,2";
				TEST_HOST = "$(BUILT_PRODUCTS_DIR)/Pokemon Task.app/Pokemon Task";
			};
			name = Release;
		};
		9A8BBA0029096B53002ABB08 /* Debug */ = {
			isa = XCBuildConfiguration;
			buildSettings = {
				ALWAYS_EMBED_SWIFT_STANDARD_LIBRARIES = YES;
				CODE_SIGN_STYLE = Automatic;
				CURRENT_PROJECT_VERSION = 1;
				DEVELOPMENT_TEAM = 3PGR742T86;
				GENERATE_INFOPLIST_FILE = YES;
				MARKETING_VERSION = 1.0;
				PRODUCT_BUNDLE_IDENTIFIER = "com.Shalay.Projects.Pokemon-TaskUITests";
				PRODUCT_NAME = "$(TARGET_NAME)";
				SWIFT_EMIT_LOC_STRINGS = NO;
				SWIFT_VERSION = 5.0;
				TARGETED_DEVICE_FAMILY = "1,2";
				TEST_TARGET_NAME = "Pokemon Task";
			};
			name = Debug;
		};
		9A8BBA0129096B53002ABB08 /* Release */ = {
			isa = XCBuildConfiguration;
			buildSettings = {
				ALWAYS_EMBED_SWIFT_STANDARD_LIBRARIES = YES;
				CODE_SIGN_STYLE = Automatic;
				CURRENT_PROJECT_VERSION = 1;
				DEVELOPMENT_TEAM = 3PGR742T86;
				GENERATE_INFOPLIST_FILE = YES;
				MARKETING_VERSION = 1.0;
				PRODUCT_BUNDLE_IDENTIFIER = "com.Shalay.Projects.Pokemon-TaskUITests";
				PRODUCT_NAME = "$(TARGET_NAME)";
				SWIFT_EMIT_LOC_STRINGS = NO;
				SWIFT_VERSION = 5.0;
				TARGETED_DEVICE_FAMILY = "1,2";
				TEST_TARGET_NAME = "Pokemon Task";
			};
			name = Release;
		};
/* End XCBuildConfiguration section */

/* Begin XCConfigurationList section */
		9A8BB9CA29096B51002ABB08 /* Build configuration list for PBXProject "Pokemon Task" */ = {
			isa = XCConfigurationList;
			buildConfigurations = (
				9A8BB9F729096B53002ABB08 /* Debug */,
				9A8BB9F829096B53002ABB08 /* Release */,
			);
			defaultConfigurationIsVisible = 0;
			defaultConfigurationName = Release;
		};
		9A8BB9F929096B53002ABB08 /* Build configuration list for PBXNativeTarget "Pokemon Task" */ = {
			isa = XCConfigurationList;
			buildConfigurations = (
				9A8BB9FA29096B53002ABB08 /* Debug */,
				9A8BB9FB29096B53002ABB08 /* Release */,
			);
			defaultConfigurationIsVisible = 0;
			defaultConfigurationName = Release;
		};
		9A8BB9FC29096B53002ABB08 /* Build configuration list for PBXNativeTarget "Pokemon TaskTests" */ = {
			isa = XCConfigurationList;
			buildConfigurations = (
				9A8BB9FD29096B53002ABB08 /* Debug */,
				9A8BB9FE29096B53002ABB08 /* Release */,
			);
			defaultConfigurationIsVisible = 0;
			defaultConfigurationName = Release;
		};
		9A8BB9FF29096B53002ABB08 /* Build configuration list for PBXNativeTarget "Pokemon TaskUITests" */ = {
			isa = XCConfigurationList;
			buildConfigurations = (
				9A8BBA0029096B53002ABB08 /* Debug */,
				9A8BBA0129096B53002ABB08 /* Release */,
			);
			defaultConfigurationIsVisible = 0;
			defaultConfigurationName = Release;
		};
/* End XCConfigurationList section */
	};
	rootObject = 9A8BB9C729096B51002ABB08 /* Project object */;
}
